{
  "name": "pi-scheduler",
  "version": "1.0.0",
  "lockfileVersion": 3,
  "requires": true,
  "packages": {
    "": {
      "name": "pi-scheduler",
      "version": "1.0.0",
      "dependencies": {
        "cron-validator": "^1.3.1"
      }
    },
    "node_modules/cron-validator": {
      "version": "1.4.0",
      "resolved": "https://registry.npmjs.org/cron-validator/-/cron-validator-1.4.0.tgz",
      "integrity": "sha512-wGcJ9FCy65iaU6egSH8b5dZYJF7GU/3Jh06wzaT9lsa5dbqExjljmu+0cJ8cpKn+vUyZa/EM4WAxeLR6SypJXw=="
    }
  }
}
